
Microsoft Visual Studio Solution File, Format Version 12.00
# Visual Studio 14
VisualStudioVersion = 14.0.25420.1
MinimumVisualStudioVersion = 10.0.40219.1
Project("{FAE04EC0-301F-11D3-BF4B-00C04F79EFBC}") = "Rochambeau_server", "Rochambeau_server\Rochambeau_server.csproj", "{10EC3343-4C83-4DDA-B74C-06EE42B6E3DA}"
EndProject
Project("{FAE04EC0-301F-11D3-BF4B-00C04F79EFBC}") = "Rochambeau_client", "Rochambeau_client\Rochambeau_client.csproj", "{72CAA50B-DD32-4B48-B8B3-FAEBD50690A2}"
EndProject
Global
	GlobalSection(SolutionConfigurationPlatforms) = preSolution
		Debug|Any CPU = Debug|Any CPU
		Release|Any CPU = Release|Any CPU
	EndGlobalSection
	GlobalSection(ProjectConfigurationPlatforms) = postSolution
		{10EC3343-4C83-4DDA-B74C-06EE42B6E3DA}.Debug|Any CPU.ActiveCfg = Debug|Any CPU
		{10EC3343-4C83-4DDA-B74C-06EE42B6E3DA}.Debug|Any CPU.Build.0 = Debug|Any CPU
		{10EC3343-4C83-4DDA-B74C-06EE42B6E3DA}.Release|Any CPU.ActiveCfg = Release|Any CPU
		{10EC3343-4C83-4DDA-B74C-06EE42B6E3DA}.Release|Any CPU.Build.0 = Release|Any CPU
		{72CAA50B-DD32-4B48-B8B3-FAEBD50690A2}.Debug|Any CPU.ActiveCfg = Debug|Any CPU
		{72CAA50B-DD32-4B48-B8B3-FAEBD50690A2}.Debug|Any CPU.Build.0 = Debug|Any CPU
		{72CAA50B-DD32-4B48-B8B3-FAEBD50690A2}.Release|Any CPU.ActiveCfg = Release|Any CPU
		{72CAA50B-DD32-4B48-B8B3-FAEBD50690A2}.Release|Any CPU.Build.0 = Release|Any CPU
	EndGlobalSection
	GlobalSection(SolutionProperties) = preSolution
		HideSolutionNode = FALSE
	EndGlobalSection
EndGlobal
